// !$*UTF8*$!
{
	archiveVersion = 1;
	classes = {
	};
	objectVersion = 56;
	objects = {

/* Begin PBXBuildFile section */
		790116E229E5823000D9E772 /* AppDelegate.swift in Sources */ = {isa = PBXBuildFile; fileRef = 790116E129E5823000D9E772 /* AppDelegate.swift */; };
		790116E429E5823000D9E772 /* SceneDelegate.swift in Sources */ = {isa = PBXBuildFile; fileRef = 790116E329E5823000D9E772 /* SceneDelegate.swift */; };
		790116E629E5823000D9E772 /* ViewController.swift in Sources */ = {isa = PBXBuildFile; fileRef = 790116E529E5823000D9E772 /* ViewController.swift */; };
		790116E929E5823000D9E772 /* Main.storyboard in Resources */ = {isa = PBXBuildFile; fileRef = 790116E729E5823000D9E772 /* Main.storyboard */; };
		790116EC29E5823000D9E772 /* HTWT.xcdatamodeld in Sources */ = {isa = PBXBuildFile; fileRef = 790116EA29E5823000D9E772 /* HTWT.xcdatamodeld */; };
		790116EE29E5823000D9E772 /* Assets.xcassets in Resources */ = {isa = PBXBuildFile; fileRef = 790116ED29E5823000D9E772 /* Assets.xcassets */; };
		790116F129E5823000D9E772 /* LaunchScreen.storyboard in Resources */ = {isa = PBXBuildFile; fileRef = 790116EF29E5823000D9E772 /* LaunchScreen.storyboard */; };
		796757F529E83B4100F737F2 /* CurrentWeatherCell.swift in Sources */ = {isa = PBXBuildFile; fileRef = 796757F329E83B4100F737F2 /* CurrentWeatherCell.swift */; };
		796757F629E83B4100F737F2 /* CurrentWeatherCell.xib in Resources */ = {isa = PBXBuildFile; fileRef = 796757F429E83B4100F737F2 /* CurrentWeatherCell.xib */; };
		EF7ED728DE6FEDF69E2F1B70 /* Pods_HTWT.framework in Frameworks */ = {isa = PBXBuildFile; fileRef = 9A6FB44D82578440F088E48A /* Pods_HTWT.framework */; };
/* End PBXBuildFile section */

/* Begin PBXFileReference section */
		643CBA6258B4B76ADAFD5425 /* Pods-HTWT.debug.xcconfig */ = {isa = PBXFileReference; includeInIndex = 1; lastKnownFileType = text.xcconfig; name = "Pods-HTWT.debug.xcconfig"; path = "Target Support Files/Pods-HTWT/Pods-HTWT.debug.xcconfig"; sourceTree = "<group>"; };
		790116DE29E5823000D9E772 /* HTWT.app */ = {isa = PBXFileReference; explicitFileType = wrapper.application; includeInIndex = 0; path = HTWT.app; sourceTree = BUILT_PRODUCTS_DIR; };
		790116E129E5823000D9E772 /* AppDelegate.swift */ = {isa = PBXFileReference; lastKnownFileType = sourcecode.swift; path = AppDelegate.swift; sourceTree = "<group>"; };
		790116E329E5823000D9E772 /* SceneDelegate.swift */ = {isa = PBXFileReference; lastKnownFileType = sourcecode.swift; path = SceneDelegate.swift; sourceTree = "<group>"; };
		790116E529E5823000D9E772 /* ViewController.swift */ = {isa = PBXFileReference; lastKnownFileType = sourcecode.swift; path = ViewController.swift; sourceTree = "<group>"; };
		790116E829E5823000D9E772 /* Base */ = {isa = PBXFileReference; lastKnownFileType = file.storyboard; name = Base; path = Base.lproj/Main.storyboard; sourceTree = "<group>"; };
		790116EB29E5823000D9E772 /* HTWT.xcdatamodel */ = {isa = PBXFileReference; lastKnownFileType = wrapper.xcdatamodel; path = HTWT.xcdatamodel; sourceTree = "<group>"; };
		790116ED29E5823000D9E772 /* Assets.xcassets */ = {isa = PBXFileReference; lastKnownFileType = folder.assetcatalog; path = Assets.xcassets; sourceTree = "<group>"; };
		790116F029E5823000D9E772 /* Base */ = {isa = PBXFileReference; lastKnownFileType = file.storyboard; name = Base; path = Base.lproj/LaunchScreen.storyboard; sourceTree = "<group>"; };
		790116F229E5823000D9E772 /* Info.plist */ = {isa = PBXFileReference; lastKnownFileType = text.plist.xml; path = Info.plist; sourceTree = "<group>"; };
		796757F329E83B4100F737F2 /* CurrentWeatherCell.swift */ = {isa = PBXFileReference; lastKnownFileType = sourcecode.swift; path = CurrentWeatherCell.swift; sourceTree = "<group>"; };
		796757F429E83B4100F737F2 /* CurrentWeatherCell.xib */ = {isa = PBXFileReference; lastKnownFileType = file.xib; path = CurrentWeatherCell.xib; sourceTree = "<group>"; };
		8A4BD646133CF0E2B9FF331D /* Pods-HTWT.release.xcconfig */ = {isa = PBXFileReference; includeInIndex = 1; lastKnownFileType = text.xcconfig; name = "Pods-HTWT.release.xcconfig"; path = "Target Support Files/Pods-HTWT/Pods-HTWT.release.xcconfig"; sourceTree = "<group>"; };
		9A6FB44D82578440F088E48A /* Pods_HTWT.framework */ = {isa = PBXFileReference; explicitFileType = wrapper.framework; includeInIndex = 0; path = Pods_HTWT.framework; sourceTree = BUILT_PRODUCTS_DIR; };
/* End PBXFileReference section */

/* Begin PBXFrameworksBuildPhase section */
		790116DB29E5823000D9E772 /* Frameworks */ = {
			isa = PBXFrameworksBuildPhase;
			buildActionMask = 2147483647;
			files = (
				EF7ED728DE6FEDF69E2F1B70 /* Pods_HTWT.framework in Frameworks */,
			);
			runOnlyForDeploymentPostprocessing = 0;
		};
/* End PBXFrameworksBuildPhase section */

/* Begin PBXGroup section */
		48478DB2495E82783A84F10F /* Frameworks */ = {
			isa = PBXGroup;
			children = (
				9A6FB44D82578440F088E48A /* Pods_HTWT.framework */,
			);
			name = Frameworks;
			sourceTree = "<group>";
		};
		790116D529E5823000D9E772 = {
			isa = PBXGroup;
			children = (
				790116E029E5823000D9E772 /* HTWT */,
				790116DF29E5823000D9E772 /* Products */,
				D8B7B1450E8949100E4D4CEF /* Pods */,
				48478DB2495E82783A84F10F /* Frameworks */,
			);
			sourceTree = "<group>";
		};
		790116DF29E5823000D9E772 /* Products */ = {
			isa = PBXGroup;
			children = (
				790116DE29E5823000D9E772 /* HTWT.app */,
			);
			name = Products;
			sourceTree = "<group>";
		};
		790116E029E5823000D9E772 /* HTWT */ = {
			isa = PBXGroup;
			children = (
				796757F229E83AEB00F737F2 /* Models */,
				796757F129E83AE600F737F2 /* Views */,
				796757F029E83ADE00F737F2 /* Controllers */,
				790116E129E5823000D9E772 /* AppDelegate.swift */,
				790116E329E5823000D9E772 /* SceneDelegate.swift */,
				790116E729E5823000D9E772 /* Main.storyboard */,
				790116ED29E5823000D9E772 /* Assets.xcassets */,
				790116EF29E5823000D9E772 /* LaunchScreen.storyboard */,
				790116F229E5823000D9E772 /* Info.plist */,
				790116EA29E5823000D9E772 /* HTWT.xcdatamodeld */,
			);
			path = HTWT;
			sourceTree = "<group>";
		};
		796757F029E83ADE00F737F2 /* Controllers */ = {
			isa = PBXGroup;
			children = (
				790116E529E5823000D9E772 /* ViewController.swift */,
			);
			path = Controllers;
			sourceTree = "<group>";
		};
		796757F129E83AE600F737F2 /* Views */ = {
			isa = PBXGroup;
			children = (
				796757F329E83B4100F737F2 /* CurrentWeatherCell.swift */,
				796757F429E83B4100F737F2 /* CurrentWeatherCell.xib */,
			);
			path = Views;
			sourceTree = "<group>";
		};
		796757F229E83AEB00F737F2 /* Models */ = {
			isa = PBXGroup;
			children = (
			);
			path = Models;
			sourceTree = "<group>";
		};
		D8B7B1450E8949100E4D4CEF /* Pods */ = {
			isa = PBXGroup;
			children = (
				643CBA6258B4B76ADAFD5425 /* Pods-HTWT.debug.xcconfig */,
				8A4BD646133CF0E2B9FF331D /* Pods-HTWT.release.xcconfig */,
			);
			path = Pods;
			sourceTree = "<group>";
		};
/* End PBXGroup section */

/* Begin PBXNativeTarget section */
		790116DD29E5823000D9E772 /* HTWT */ = {
			isa = PBXNativeTarget;
			buildConfigurationList = 790116F529E5823000D9E772 /* Build configuration list for PBXNativeTarget "HTWT" */;
			buildPhases = (
				C52267EF90ABA1E8F1D4E6C9 /* [CP] Check Pods Manifest.lock */,
				790116DA29E5823000D9E772 /* Sources */,
				790116DB29E5823000D9E772 /* Frameworks */,
				790116DC29E5823000D9E772 /* Resources */,
				ECB2CD85ECBD897EFC2C6D4A /* [CP] Embed Pods Frameworks */,
			);
			buildRules = (
			);
			dependencies = (
			);
			name = HTWT;
			productName = HTWT;
			productReference = 790116DE29E5823000D9E772 /* HTWT.app */;
			productType = "com.apple.product-type.application";
		};
/* End PBXNativeTarget section */

/* Begin PBXProject section */
		790116D629E5823000D9E772 /* Project object */ = {
			isa = PBXProject;
			attributes = {
				BuildIndependentTargetsInParallel = 1;
				LastSwiftUpdateCheck = 1430;
				LastUpgradeCheck = 1430;
				TargetAttributes = {
					790116DD29E5823000D9E772 = {
						CreatedOnToolsVersion = 14.3;
					};
				};
			};
			buildConfigurationList = 790116D929E5823000D9E772 /* Build configuration list for PBXProject "HTWT" */;
			compatibilityVersion = "Xcode 14.0";
			developmentRegion = en;
			hasScannedForEncodings = 0;
			knownRegions = (
				en,
				Base,
			);
			mainGroup = 790116D529E5823000D9E772;
			productRefGroup = 790116DF29E5823000D9E772 /* Products */;
			projectDirPath = "";
			projectRoot = "";
			targets = (
				790116DD29E5823000D9E772 /* HTWT */,
			);
		};
/* End PBXProject section */

/* Begin PBXResourcesBuildPhase section */
		790116DC29E5823000D9E772 /* Resources */ = {
			isa = PBXResourcesBuildPhase;
			buildActionMask = 2147483647;
			files = (
				790116F129E5823000D9E772 /* LaunchScreen.storyboard in Resources */,
				790116EE29E5823000D9E772 /* Assets.xcassets in Resources */,
				796757F629E83B4100F737F2 /* CurrentWeatherCell.xib in Resources */,
				790116E929E5823000D9E772 /* Main.storyboard in Resources */,
			);
			runOnlyForDeploymentPostprocessing = 0;
		};
/* End PBXResourcesBuildPhase section */

/* Begin PBXShellScriptBuildPhase section */
		C52267EF90ABA1E8F1D4E6C9 /* [CP] Check Pods Manifest.lock */ = {
			isa = PBXShellScriptBuildPhase;
			buildActionMask = 2147483647;
			files = (
			);
			inputFileListPaths = (
			);
			inputPaths = (
				"${PODS_PODFILE_DIR_PATH}/Podfile.lock",
				"${PODS_ROOT}/Manifest.lock",
			);
			name = "[CP] Check Pods Manifest.lock";
			outputFileListPaths = (
			);
			outputPaths = (
				"$(DERIVED_FILE_DIR)/Pods-HTWT-checkManifestLockResult.txt",
			);
			runOnlyForDeploymentPostprocessing = 0;
			shellPath = /bin/sh;
			shellScript = "diff \"${PODS_PODFILE_DIR_PATH}/Podfile.lock\" \"${PODS_ROOT}/Manifest.lock\" > /dev/null\nif [ $? != 0 ] ; then\n    # print error to STDERR\n    echo \"error: The sandbox is not in sync with the Podfile.lock. Run 'pod install' or update your CocoaPods installation.\" >&2\n    exit 1\nfi\n# This output is used by Xcode 'outputs' to avoid re-running this script phase.\necho \"SUCCESS\" > \"${SCRIPT_OUTPUT_FILE_0}\"\n";
			showEnvVarsInLog = 0;
		};
		ECB2CD85ECBD897EFC2C6D4A /* [CP] Embed Pods Frameworks */ = {
			isa = PBXShellScriptBuildPhase;
			buildActionMask = 2147483647;
			files = (
			);
			inputFileListPaths = (
				"${PODS_ROOT}/Target Support Files/Pods-HTWT/Pods-HTWT-frameworks-${CONFIGURATION}-input-files.xcfilelist",
			);
			name = "[CP] Embed Pods Frameworks";
			outputFileListPaths = (
				"${PODS_ROOT}/Target Support Files/Pods-HTWT/Pods-HTWT-frameworks-${CONFIGURATION}-output-files.xcfilelist",
			);
			runOnlyForDeploymentPostprocessing = 0;
			shellPath = /bin/sh;
			shellScript = "\"${PODS_ROOT}/Target Support Files/Pods-HTWT/Pods-HTWT-frameworks.sh\"\n";
			showEnvVarsInLog = 0;
		};
/* End PBXShellScriptBuildPhase section */

/* Begin PBXSourcesBuildPhase section */
		790116DA29E5823000D9E772 /* Sources */ = {
			isa = PBXSourcesBuildPhase;
			buildActionMask = 2147483647;
			files = (
				790116EC29E5823000D9E772 /* HTWT.xcdatamodeld in Sources */,
				790116E629E5823000D9E772 /* ViewController.swift in Sources */,
				790116E229E5823000D9E772 /* AppDelegate.swift in Sources */,
				790116E429E5823000D9E772 /* SceneDelegate.swift in Sources */,
				796757F529E83B4100F737F2 /* CurrentWeatherCell.swift in Sources */,
			);
			runOnlyForDeploymentPostprocessing = 0;
		};
/* End PBXSourcesBuildPhase section */

/* Begin PBXVariantGroup section */
		790116E729E5823000D9E772 /* Main.storyboard */ = {
			isa = PBXVariantGroup;
			children = (
				790116E829E5823000D9E772 /* Base */,
			);
			name = Main.storyboard;
			sourceTree = "<group>";
		};
		790116EF29E5823000D9E772 /* LaunchScreen.storyboard */ = {
			isa = PBXVariantGroup;
			children = (
				790116F029E5823000D9E772 /* Base */,
			);
			name = LaunchScreen.storyboard;
			sourceTree = "<group>";
		};
/* End PBXVariantGroup section */

/* Begin XCBuildConfiguration section */
		790116F329E5823000D9E772 /* Debug */ = {
			isa = XCBuildConfiguration;
			buildSettings = {
				ALWAYS_SEARCH_USER_PATHS = NO;
				CLANG_ANALYZER_NONNULL = YES;
				CLANG_ANALYZER_NUMBER_OBJECT_CONVERSION = YES_AGGRESSIVE;
				CLANG_CXX_LANGUAGE_STANDARD = "gnu++20";
				CLANG_ENABLE_MODULES = YES;
				CLANG_ENABLE_OBJC_ARC = YES;
				CLANG_ENABLE_OBJC_WEAK = YES;
				CLANG_WARN_BLOCK_CAPTURE_AUTORELEASING = YES;
				CLANG_WARN_BOOL_CONVERSION = YES;
				CLANG_WARN_COMMA = YES;
				CLANG_WARN_CONSTANT_CONVERSION = YES;
				CLANG_WARN_DEPRECATED_OBJC_IMPLEMENTATIONS = YES;
				CLANG_WARN_DIRECT_OBJC_ISA_USAGE = YES_ERROR;
				CLANG_WARN_DOCUMENTATION_COMMENTS = YES;
				CLANG_WARN_EMPTY_BODY = YES;
				CLANG_WARN_ENUM_CONVERSION = YES;
				CLANG_WARN_INFINITE_RECURSION = YES;
				CLANG_WARN_INT_CONVERSION = YES;
				CLANG_WARN_NON_LITERAL_NULL_CONVERSION = YES;
				CLANG_WARN_OBJC_IMPLICIT_RETAIN_SELF = YES;
				CLANG_WARN_OBJC_LITERAL_CONVERSION = YES;
				CLANG_WARN_OBJC_ROOT_CLASS = YES_ERROR;
				CLANG_WARN_QUOTED_INCLUDE_IN_FRAMEWORK_HEADER = YES;
				CLANG_WARN_RANGE_LOOP_ANALYSIS = YES;
				CLANG_WARN_STRICT_PROTOTYPES = YES;
				CLANG_WARN_SUSPICIOUS_MOVE = YES;
				CLANG_WARN_UNGUARDED_AVAILABILITY = YES_AGGRESSIVE;
				CLANG_WARN_UNREACHABLE_CODE = YES;
				CLANG_WARN__DUPLICATE_METHOD_MATCH = YES;
				COPY_PHASE_STRIP = NO;
				DEBUG_INFORMATION_FORMAT = dwarf;
				ENABLE_STRICT_OBJC_MSGSEND = YES;
				ENABLE_TESTABILITY = YES;
				GCC_C_LANGUAGE_STANDARD = gnu11;
				GCC_DYNAMIC_NO_PIC = NO;
				GCC_NO_COMMON_BLOCKS = YES;
				GCC_OPTIMIZATION_LEVEL = 0;
				GCC_PREPROCESSOR_DEFINITIONS = (
					"DEBUG=1",
					"$(inherited)",
				);
				GCC_WARN_64_TO_32_BIT_CONVERSION = YES;
				GCC_WARN_ABOUT_RETURN_TYPE = YES_ERROR;
				GCC_WARN_UNDECLARED_SELECTOR = YES;
				GCC_WARN_UNINITIALIZED_AUTOS = YES_AGGRESSIVE;
				GCC_WARN_UNUSED_FUNCTION = YES;
				GCC_WARN_UNUSED_VARIABLE = YES;
				IPHONEOS_DEPLOYMENT_TARGET = 16.4;
				MTL_ENABLE_DEBUG_INFO = INCLUDE_SOURCE;
				MTL_FAST_MATH = YES;
				ONLY_ACTIVE_ARCH = YES;
				SDKROOT = iphoneos;
				SWIFT_ACTIVE_COMPILATION_CONDITIONS = DEBUG;
				SWIFT_OPTIMIZATION_LEVEL = "-Onone";
			};
			name = Debug;
		};
		790116F429E5823000D9E772 /* Release */ = {
			isa = XCBuildConfiguration;
			buildSettings = {
				ALWAYS_SEARCH_USER_PATHS = NO;
				CLANG_ANALYZER_NONNULL = YES;
				CLANG_ANALYZER_NUMBER_OBJECT_CONVERSION = YES_AGGRESSIVE;
				CLANG_CXX_LANGUAGE_STANDARD = "gnu++20";
				CLANG_ENABLE_MODULES = YES;
				CLANG_ENABLE_OBJC_ARC = YES;
				CLANG_ENABLE_OBJC_WEAK = YES;
				CLANG_WARN_BLOCK_CAPTURE_AUTORELEASING = YES;
				CLANG_WARN_BOOL_CONVERSION = YES;
				CLANG_WARN_COMMA = YES;
				CLANG_WARN_CONSTANT_CONVERSION = YES;
				CLANG_WARN_DEPRECATED_OBJC_IMPLEMENTATIONS = YES;
				CLANG_WARN_DIRECT_OBJC_ISA_USAGE = YES_ERROR;
				CLANG_WARN_DOCUMENTATION_COMMENTS = YES;
				CLANG_WARN_EMPTY_BODY = YES;
				CLANG_WARN_ENUM_CONVERSION = YES;
				CLANG_WARN_INFINITE_RECURSION = YES;
				CLANG_WARN_INT_CONVERSION = YES;
				CLANG_WARN_NON_LITERAL_NULL_CONVERSION = YES;
				CLANG_WARN_OBJC_IMPLICIT_RETAIN_SELF = YES;
				CLANG_WARN_OBJC_LITERAL_CONVERSION = YES;
				CLANG_WARN_OBJC_ROOT_CLASS = YES_ERROR;
				CLANG_WARN_QUOTED_INCLUDE_IN_FRAMEWORK_HEADER = YES;
				CLANG_WARN_RANGE_LOOP_ANALYSIS = YES;
				CLANG_WARN_STRICT_PROTOTYPES = YES;
				CLANG_WARN_SUSPICIOUS_MOVE = YES;
				CLANG_WARN_UNGUARDED_AVAILABILITY = YES_AGGRESSIVE;
				CLANG_WARN_UNREACHABLE_CODE = YES;
				CLANG_WARN__DUPLICATE_METHOD_MATCH = YES;
				COPY_PHASE_STRIP = NO;
				DEBUG_INFORMATION_FORMAT = "dwarf-with-dsym";
				ENABLE_NS_ASSERTIONS = NO;
				ENABLE_STRICT_OBJC_MSGSEND = YES;
				GCC_C_LANGUAGE_STANDARD = gnu11;
				GCC_NO_COMMON_BLOCKS = YES;
				GCC_WARN_64_TO_32_BIT_CONVERSION = YES;
				GCC_WARN_ABOUT_RETURN_TYPE = YES_ERROR;
				GCC_WARN_UNDECLARED_SELECTOR = YES;
				GCC_WARN_UNINITIALIZED_AUTOS = YES_AGGRESSIVE;
				GCC_WARN_UNUSED_FUNCTION = YES;
				GCC_WARN_UNUSED_VARIABLE = YES;
				IPHONEOS_DEPLOYMENT_TARGET = 16.4;
				MTL_ENABLE_DEBUG_INFO = NO;
				MTL_FAST_MATH = YES;
				SDKROOT = iphoneos;
				SWIFT_COMPILATION_MODE = wholemodule;
				SWIFT_OPTIMIZATION_LEVEL = "-O";
				VALIDATE_PRODUCT = YES;
			};
			name = Release;
		};
		790116F629E5823000D9E772 /* Debug */ = {
			isa = XCBuildConfiguration;
			baseConfigurationReference = 643CBA6258B4B76ADAFD5425 /* Pods-HTWT.debug.xcconfig */;
			buildSettings = {
				ASSETCATALOG_COMPILER_APPICON_NAME = AppIcon;
				ASSETCATALOG_COMPILER_GLOBAL_ACCENT_COLOR_NAME = AccentColor;
				CODE_SIGN_STYLE = Automatic;
				CURRENT_PROJECT_VERSION = 1;
				DEVELOPMENT_TEAM = NC58MUY3R6;
				GENERATE_INFOPLIST_FILE = YES;
				INFOPLIST_FILE = HTWT/Info.plist;
				INFOPLIST_KEY_UIApplicationSupportsIndirectInputEvents = YES;
				INFOPLIST_KEY_UILaunchStoryboardName = LaunchScreen;
				INFOPLIST_KEY_UIMainStoryboardFile = Main;
				INFOPLIST_KEY_UISupportedInterfaceOrientations = UIInterfaceOrientationPortrait;
				INFOPLIST_KEY_UISupportedInterfaceOrientations_iPad = "UIInterfaceOrientationLandscapeLeft UIInterfaceOrientationLandscapeRight UIInterfaceOrientationPortrait UIInterfaceOrientationPortraitUpsideDown";
				IPHONEOS_DEPLOYMENT_TARGET = 13.0;
				LD_RUNPATH_SEARCH_PATHS = (
					"$(inherited)",
					"@executable_path/Frameworks",
				);
				MARKETING_VERSION = 1.0;
				PRODUCT_BUNDLE_IDENTIFIER = com.bs.HTWT;
				PRODUCT_NAME = "$(TARGET_NAME)";
				SUPPORTED_PLATFORMS = "iphoneos iphonesimulator";
				SUPPORTS_MACCATALYST = NO;
				SUPPORTS_MAC_DESIGNED_FOR_IPHONE_IPAD = YES;
				SWIFT_EMIT_LOC_STRINGS = YES;
				SWIFT_VERSION = 5.0;
				TARGETED_DEVICE_FAMILY = 1;
			};
			name = Debug;
		};
		790116F729E5823000D9E772 /* Release */ = {
			isa = XCBuildConfiguration;
			baseConfigurationReference = 8A4BD646133CF0E2B9FF331D /* Pods-HTWT.release.xcconfig */;
			buildSettings = {
				ASSETCATALOG_COMPILER_APPICON_NAME = AppIcon;
				ASSETCATALOG_COMPILER_GLOBAL_ACCENT_COLOR_NAME = AccentColor;
				CODE_SIGN_STYLE = Automatic;
				CURRENT_PROJECT_VERSION = 1;
				DEVELOPMENT_TEAM = NC58MUY3R6;
				GENERATE_INFOPLIST_FILE = YES;
				INFOPLIST_FILE = HTWT/Info.plist;
				INFOPLIST_KEY_UIApplicationSupportsIndirectInputEvents = YES;
				INFOPLIST_KEY_UILaunchStoryboardName = LaunchScreen;
				INFOPLIST_KEY_UIMainStoryboardFile = Main;
				INFOPLIST_KEY_UISupportedInterfaceOrientations = UIInterfaceOrientationPortrait;
				INFOPLIST_KEY_UISupportedInterfaceOrientations_iPad = "UIInterfaceOrientationLandscapeLeft UIInterfaceOrientationLandscapeRight UIInterfaceOrientationPortrait UIInterfaceOrientationPortraitUpsideDown";
				IPHONEOS_DEPLOYMENT_TARGET = 13.0;
				LD_RUNPATH_SEARCH_PATHS = (
					"$(inherited)",
					"@executable_path/Frameworks",
				);
				MARKETING_VERSION = 1.0;
				PRODUCT_BUNDLE_IDENTIFIER = com.bs.HTWT;
				PRODUCT_NAME = "$(TARGET_NAME)";
				SUPPORTED_PLATFORMS = "iphoneos iphonesimulator";
				SUPPORTS_MACCATALYST = NO;
				SUPPORTS_MAC_DESIGNED_FOR_IPHONE_IPAD = YES;
				SWIFT_EMIT_LOC_STRINGS = YES;
				SWIFT_VERSION = 5.0;
				TARGETED_DEVICE_FAMILY = 1;
			};
			name = Release;
		};
/* End XCBuildConfiguration section */

/* Begin XCConfigurationList section */
		790116D929E5823000D9E772 /* Build configuration list for PBXProject "HTWT" */ = {
			isa = XCConfigurationList;
			buildConfigurations = (
				790116F329E5823000D9E772 /* Debug */,
				790116F429E5823000D9E772 /* Release */,
			);
			defaultConfigurationIsVisible = 0;
			defaultConfigurationName = Release;
		};
		790116F529E5823000D9E772 /* Build configuration list for PBXNativeTarget "HTWT" */ = {
			isa = XCConfigurationList;
			buildConfigurations = (
				790116F629E5823000D9E772 /* Debug */,
				790116F729E5823000D9E772 /* Release */,
			);
			defaultConfigurationIsVisible = 0;
			defaultConfigurationName = Release;
		};
/* End XCConfigurationList section */

/* Begin XCVersionGroup section */
		790116EA29E5823000D9E772 /* HTWT.xcdatamodeld */ = {
			isa = XCVersionGroup;
			children = (
				790116EB29E5823000D9E772 /* HTWT.xcdatamodel */,
			);
			currentVersion = 790116EB29E5823000D9E772 /* HTWT.xcdatamodel */;
			path = HTWT.xcdatamodeld;
			sourceTree = "<group>";
			versionGroupType = wrapper.xcdatamodel;
		};
/* End XCVersionGroup section */
	};
	rootObject = 790116D629E5823000D9E772 /* Project object */;
}
